<Solution>
  <Folder Name="/src/">
    <Project Path="src/SharpInference.Abstractions/SharpInference.Abstractions.csproj" />
    <Project Path="src/SharpInference.Applications/SharpInference.Applications.csproj" />
    <Project Path="src/SharpInference.Models.Phi4/SharpInference.Models.Phi4.csproj" />
    <Project Path="src/SharpInference.Models.Rwkv/SharpInference.Models.Rwkv.csproj" />
    <Project Path="src/SharpInference.Backends.CpuVm/SharpInference.Backends.CpuVm.csproj" />
    <Project Path="src/SharpInference.Backends.D3D12Vm/SharpInference.Backends.D3D12Vm.csproj" />
    <Project Path="src/SharpInference.Backends.Vortice/SharpInference.Backends.Vortice.csproj" />
    <Project Path="src/SharpInference.Backends.Cpu/SharpInference.Backends.Cpu.csproj" />
    <Project Path="src/SharpInference.Core/SharpInference.Core.csproj" />
    <Project Path="src/SharpInference.DeploymentTest/SharpInference.DeploymentTest.csproj" />
    <Project Path="src/SharpInference.Graphs/SharpInference.Graphs.csproj" />
    <Project Path="src/SharpInference.Instructions/SharpInference.Instructions.csproj" />
    <Project Path="src/SharpInference.Instructions.TierZero/SharpInference.Instructions.TierZero.csproj" />
    <Project Path="src/SharpInference.Instructions.Cpu/SharpInference.Instructions.Cpu.csproj" />
    <Project Path="src/SharpInference.Instructions.D3D12/SharpInference.Instructions.D3D12.csproj" />
    <Project Path="src/SharpInference.Gguf/SharpInference.Gguf.csproj" />
    <Project Path="src/SharpInference.Generation/SharpInference.Generation.csproj" />
    <Project Path="src/SharpInference.Gguf.Tests/SharpInference.Gguf.Tests.csproj" />
    <Project Path="src/SharpInference.Integration/SharpInference.Integration.csproj" />
    <Project Path="src/SharpInference.Models.Ggml/SharpInference.Models.Ggml.csproj" />
    <Project Path="src/SharpInference.Runtime.Cpu/SharpInference.Runtime.Cpu.csproj" />
    <Project Path="src/SharpInference.Runtime.D3D12/SharpInference.Runtime.D3D12.csproj" />
    <Project Path="src/SharpInference.Runtime/SharpInference.Runtime.csproj" />
    <Project Path="src/SharpInference.ShaderCompiler/SharpInference.ShaderCompiler.csproj" />
    <Project Path="src/SharpInference.Tests/SharpInference.Tests.csproj" />
    <Project Path="src/SharpInference.Vm.Optimization/SharpInference.Vm.Optimization.csproj" />
    <Project Path="src/SharpInference.Vm.Tool/SharpInference.Vm.Tool.csproj" />
    <Project Path="src/SharpInference.Vm/SharpInference.Vm.csproj" />
    <Project Path="src/SharpInference.WebApi/SharpInference.WebApi.csproj" />
  </Folder>
  <Folder Name="/tools/">
    <Project Path="tools/SharpInference.VmBenchmark/SharpInference.VmBenchmark.csproj" />
  </Folder>
  <Folder Name="/tools/GraphView/">
    <File Path="tools/GraphView/graph-viewer.html" />
    <File Path="tools/GraphView/README.md" />
  </Folder>
</Solution>
